// !$*UTF8*$!
{
	archiveVersion = 1;
	classes = {
	};
	objectVersion = 56;
	objects = {

/* Begin PBXBuildFile section */
		B513D4772A438FEA00329624 /* ChuckNorrisJokeApp.swift in Sources */ = {isa = PBXBuildFile; fileRef = B513D4762A438FEA00329624 /* ChuckNorrisJokeApp.swift */; };
		B513D4792A438FEA00329624 /* ContentView.swift in Sources */ = {isa = PBXBuildFile; fileRef = B513D4782A438FEA00329624 /* ContentView.swift */; };
		B513D47B2A438FEC00329624 /* Assets.xcassets in Resources */ = {isa = PBXBuildFile; fileRef = B513D47A2A438FEC00329624 /* Assets.xcassets */; };
		B513D47E2A438FEC00329624 /* Preview Assets.xcassets in Resources */ = {isa = PBXBuildFile; fileRef = B513D47D2A438FEC00329624 /* Preview Assets.xcassets */; };
		B513D4882A43924700329624 /* Joke.swift in Sources */ = {isa = PBXBuildFile; fileRef = B513D4872A43924700329624 /* Joke.swift */; };
		B513D48A2A43938400329624 /* ContentModel.swift in Sources */ = {isa = PBXBuildFile; fileRef = B513D4892A43938400329624 /* ContentModel.swift */; };
		B5743E1C2A51FC9C00BCFCEF /* MainTabView.swift in Sources */ = {isa = PBXBuildFile; fileRef = B5743E1B2A51FC9C00BCFCEF /* MainTabView.swift */; };
		B5743E1E2A51FD7100BCFCEF /* FavoriteJokesView.swift in Sources */ = {isa = PBXBuildFile; fileRef = B5743E1D2A51FD7100BCFCEF /* FavoriteJokesView.swift */; };
		B5743E2B2A549ED100BCFCEF /* JokeDetailView.swift in Sources */ = {isa = PBXBuildFile; fileRef = B5743E2A2A549ED100BCFCEF /* JokeDetailView.swift */; };
		B5743E2D2A55CE6400BCFCEF /* WelcomeView.swift in Sources */ = {isa = PBXBuildFile; fileRef = B5743E2C2A55CE6400BCFCEF /* WelcomeView.swift */; };
/* End PBXBuildFile section */

/* Begin PBXFileReference section */
		B513D4732A438FEA00329624 /* ChuckNorrisJokeApp.app */ = {isa = PBXFileReference; explicitFileType = wrapper.application; includeInIndex = 0; path = ChuckNorrisJokeApp.app; sourceTree = BUILT_PRODUCTS_DIR; };
		B513D4762A438FEA00329624 /* ChuckNorrisJokeApp.swift */ = {isa = PBXFileReference; lastKnownFileType = sourcecode.swift; path = ChuckNorrisJokeApp.swift; sourceTree = "<group>"; };
		B513D4782A438FEA00329624 /* ContentView.swift */ = {isa = PBXFileReference; lastKnownFileType = sourcecode.swift; path = ContentView.swift; sourceTree = "<group>"; };
		B513D47A2A438FEC00329624 /* Assets.xcassets */ = {isa = PBXFileReference; lastKnownFileType = folder.assetcatalog; path = Assets.xcassets; sourceTree = "<group>"; };
		B513D47D2A438FEC00329624 /* Preview Assets.xcassets */ = {isa = PBXFileReference; lastKnownFileType = folder.assetcatalog; path = "Preview Assets.xcassets"; sourceTree = "<group>"; };
		B513D4872A43924700329624 /* Joke.swift */ = {isa = PBXFileReference; lastKnownFileType = sourcecode.swift; path = Joke.swift; sourceTree = "<group>"; };
		B513D4892A43938400329624 /* ContentModel.swift */ = {isa = PBXFileReference; lastKnownFileType = sourcecode.swift; path = ContentModel.swift; sourceTree = "<group>"; };
		B5743E1B2A51FC9C00BCFCEF /* MainTabView.swift */ = {isa = PBXFileReference; lastKnownFileType = sourcecode.swift; path = MainTabView.swift; sourceTree = "<group>"; };
		B5743E1D2A51FD7100BCFCEF /* FavoriteJokesView.swift */ = {isa = PBXFileReference; lastKnownFileType = sourcecode.swift; path = FavoriteJokesView.swift; sourceTree = "<group>"; };
		B5743E2A2A549ED100BCFCEF /* JokeDetailView.swift */ = {isa = PBXFileReference; lastKnownFileType = sourcecode.swift; path = JokeDetailView.swift; sourceTree = "<group>"; };
		B5743E2C2A55CE6400BCFCEF /* WelcomeView.swift */ = {isa = PBXFileReference; lastKnownFileType = sourcecode.swift; path = WelcomeView.swift; sourceTree = "<group>"; };
/* End PBXFileReference section */

/* Begin PBXFrameworksBuildPhase section */
		B513D4702A438FEA00329624 /* Frameworks */ = {
			isa = PBXFrameworksBuildPhase;
			buildActionMask = 2147483647;
			files = (
			);
			runOnlyForDeploymentPostprocessing = 0;
		};
/* End PBXFrameworksBuildPhase section */

/* Begin PBXGroup section */
		B513D46A2A438FEA00329624 = {
			isa = PBXGroup;
			children = (
				B513D4752A438FEA00329624 /* ChuckNorrisJokeApp */,
				B513D4742A438FEA00329624 /* Products */,
			);
			sourceTree = "<group>";
		};
		B513D4742A438FEA00329624 /* Products */ = {
			isa = PBXGroup;
			children = (
				B513D4732A438FEA00329624 /* ChuckNorrisJokeApp.app */,
			);
			name = Products;
			sourceTree = "<group>";
		};
		B513D4752A438FEA00329624 /* ChuckNorrisJokeApp */ = {
			isa = PBXGroup;
			children = (
				B513D4762A438FEA00329624 /* ChuckNorrisJokeApp.swift */,
				B513D4862A43922500329624 /* Views */,
				B513D4852A43921D00329624 /* ViewModels */,
				B513D4842A43920D00329624 /* Models */,
				B513D47A2A438FEC00329624 /* Assets.xcassets */,
				B513D47C2A438FEC00329624 /* Preview Content */,
			);
			path = ChuckNorrisJokeApp;
			sourceTree = "<group>";
		};
		B513D47C2A438FEC00329624 /* Preview Content */ = {
			isa = PBXGroup;
			children = (
				B513D47D2A438FEC00329624 /* Preview Assets.xcassets */,
			);
			path = "Preview Content";
			sourceTree = "<group>";
		};
		B513D4842A43920D00329624 /* Models */ = {
			isa = PBXGroup;
			children = (
				B513D4872A43924700329624 /* Joke.swift */,
			);
			path = Models;
			sourceTree = "<group>";
		};
		B513D4852A43921D00329624 /* ViewModels */ = {
			isa = PBXGroup;
			children = (
				B513D4892A43938400329624 /* ContentModel.swift */,
			);
			path = ViewModels;
			sourceTree = "<group>";
		};
		B513D4862A43922500329624 /* Views */ = {
			isa = PBXGroup;
			children = (
				B5743E1B2A51FC9C00BCFCEF /* MainTabView.swift */,
				B513D4782A438FEA00329624 /* ContentView.swift */,
				B5743E1D2A51FD7100BCFCEF /* FavoriteJokesView.swift */,
				B5743E2A2A549ED100BCFCEF /* JokeDetailView.swift */,
				B5743E2C2A55CE6400BCFCEF /* WelcomeView.swift */,
			);
			path = Views;
			sourceTree = "<group>";
		};
/* End PBXGroup section */

/* Begin PBXNativeTarget section */
		B513D4722A438FEA00329624 /* ChuckNorrisJokeApp */ = {
			isa = PBXNativeTarget;
			buildConfigurationList = B513D4812A438FEC00329624 /* Build configuration list for PBXNativeTarget "ChuckNorrisJokeApp" */;
			buildPhases = (
				B513D46F2A438FEA00329624 /* Sources */,
				B513D4702A438FEA00329624 /* Frameworks */,
				B513D4712A438FEA00329624 /* Resources */,
			);
			buildRules = (
			);
			dependencies = (
			);
			name = ChuckNorrisJokeApp;
			productName = ChuckNorrisJokeApp;
			productReference = B513D4732A438FEA00329624 /* ChuckNorrisJokeApp.app */;
			productType = "com.apple.product-type.application";
		};
/* End PBXNativeTarget section */

/* Begin PBXProject section */
		B513D46B2A438FEA00329624 /* Project object */ = {
			isa = PBXProject;
			attributes = {
				BuildIndependentTargetsInParallel = 1;
				LastSwiftUpdateCheck = 1430;
				LastUpgradeCheck = 1430;
				TargetAttributes = {
					B513D4722A438FEA00329624 = {
						CreatedOnToolsVersion = 14.3.1;
					};
				};
			};
			buildConfigurationList = B513D46E2A438FEA00329624 /* Build configuration list for PBXProject "ChuckNorrisJokeApp" */;
			compatibilityVersion = "Xcode 14.0";
			developmentRegion = en;
			hasScannedForEncodings = 0;
			knownRegions = (
				en,
				Base,
			);
			mainGroup = B513D46A2A438FEA00329624;
			productRefGroup = B513D4742A438FEA00329624 /* Products */;
			projectDirPath = "";
			projectRoot = "";
			targets = (
				B513D4722A438FEA00329624 /* ChuckNorrisJokeApp */,
			);
		};
/* End PBXProject section */

/* Begin PBXResourcesBuildPhase section */
		B513D4712A438FEA00329624 /* Resources */ = {
			isa = PBXResourcesBuildPhase;
			buildActionMask = 2147483647;
			files = (
				B513D47E2A438FEC00329624 /* Preview Assets.xcassets in Resources */,
				B513D47B2A438FEC00329624 /* Assets.xcassets in Resources */,
			);
			runOnlyForDeploymentPostprocessing = 0;
		};
/* End PBXResourcesBuildPhase section */

/* Begin PBXSourcesBuildPhase section */
		B513D46F2A438FEA00329624 /* Sources */ = {
			isa = PBXSourcesBuildPhase;
			buildActionMask = 2147483647;
			files = (
				B5743E2B2A549ED100BCFCEF /* JokeDetailView.swift in Sources */,
				B513D4792A438FEA00329624 /* ContentView.swift in Sources */,
				B5743E1E2A51FD7100BCFCEF /* FavoriteJokesView.swift in Sources */,
				B5743E2D2A55CE6400BCFCEF /* WelcomeView.swift in Sources */,
				B513D48A2A43938400329624 /* ContentModel.swift in Sources */,
				B513D4772A438FEA00329624 /* ChuckNorrisJokeApp.swift in Sources */,
				B513D4882A43924700329624 /* Joke.swift in Sources */,
				B5743E1C2A51FC9C00BCFCEF /* MainTabView.swift in Sources */,
			);
			runOnlyForDeploymentPostprocessing = 0;
		};
/* End PBXSourcesBuildPhase section */

/* Begin XCBuildConfiguration section */
		B513D47F2A438FEC00329624 /* Debug */ = {
			isa = XCBuildConfiguration;
			buildSettings = {
				ALWAYS_SEARCH_USER_PATHS = NO;
				CLANG_ANALYZER_NONNULL = YES;
				CLANG_ANALYZER_NUMBER_OBJECT_CONVERSION = YES_AGGRESSIVE;
				CLANG_CXX_LANGUAGE_STANDARD = "gnu++20";
				CLANG_ENABLE_MODULES = YES;
				CLANG_ENABLE_OBJC_ARC = YES;
				CLANG_ENABLE_OBJC_WEAK = YES;
				CLANG_WARN_BLOCK_CAPTURE_AUTORELEASING = YES;
				CLANG_WARN_BOOL_CONVERSION = YES;
				CLANG_WARN_COMMA = YES;
				CLANG_WARN_CONSTANT_CONVERSION = YES;
				CLANG_WARN_DEPRECATED_OBJC_IMPLEMENTATIONS = YES;
				CLANG_WARN_DIRECT_OBJC_ISA_USAGE = YES_ERROR;
				CLANG_WARN_DOCUMENTATION_COMMENTS = YES;
				CLANG_WARN_EMPTY_BODY = YES;
				CLANG_WARN_ENUM_CONVERSION = YES;
				CLANG_WARN_INFINITE_RECURSION = YES;
				CLANG_WARN_INT_CONVERSION = YES;
				CLANG_WARN_NON_LITERAL_NULL_CONVERSION = YES;
				CLANG_WARN_OBJC_IMPLICIT_RETAIN_SELF = YES;
				CLANG_WARN_OBJC_LITERAL_CONVERSION = YES;
				CLANG_WARN_OBJC_ROOT_CLASS = YES_ERROR;
				CLANG_WARN_QUOTED_INCLUDE_IN_FRAMEWORK_HEADER = YES;
				CLANG_WARN_RANGE_LOOP_ANALYSIS = YES;
				CLANG_WARN_STRICT_PROTOTYPES = YES;
				CLANG_WARN_SUSPICIOUS_MOVE = YES;
				CLANG_WARN_UNGUARDED_AVAILABILITY = YES_AGGRESSIVE;
				CLANG_WARN_UNREACHABLE_CODE = YES;
				CLANG_WARN__DUPLICATE_METHOD_MATCH = YES;
				COPY_PHASE_STRIP = NO;
				DEBUG_INFORMATION_FORMAT = dwarf;
				ENABLE_STRICT_OBJC_MSGSEND = YES;
				ENABLE_TESTABILITY = YES;
				GCC_C_LANGUAGE_STANDARD = gnu11;
				GCC_DYNAMIC_NO_PIC = NO;
				GCC_NO_COMMON_BLOCKS = YES;
				GCC_OPTIMIZATION_LEVEL = 0;
				GCC_PREPROCESSOR_DEFINITIONS = (
					"DEBUG=1",
					"$(inherited)",
				);
				GCC_WARN_64_TO_32_BIT_CONVERSION = YES;
				GCC_WARN_ABOUT_RETURN_TYPE = YES_ERROR;
				GCC_WARN_UNDECLARED_SELECTOR = YES;
				GCC_WARN_UNINITIALIZED_AUTOS = YES_AGGRESSIVE;
				GCC_WARN_UNUSED_FUNCTION = YES;
				GCC_WARN_UNUSED_VARIABLE = YES;
				IPHONEOS_DEPLOYMENT_TARGET = 16.4;
				MTL_ENABLE_DEBUG_INFO = INCLUDE_SOURCE;
				MTL_FAST_MATH = YES;
				ONLY_ACTIVE_ARCH = YES;
				SDKROOT = iphoneos;
				SWIFT_ACTIVE_COMPILATION_CONDITIONS = DEBUG;
				SWIFT_OPTIMIZATION_LEVEL = "-Onone";
			};
			name = Debug;
		};
		B513D4802A438FEC00329624 /* Release */ = {
			isa = XCBuildConfiguration;
			buildSettings = {
				ALWAYS_SEARCH_USER_PATHS = NO;
				CLANG_ANALYZER_NONNULL = YES;
				CLANG_ANALYZER_NUMBER_OBJECT_CONVERSION = YES_AGGRESSIVE;
				CLANG_CXX_LANGUAGE_STANDARD = "gnu++20";
				CLANG_ENABLE_MODULES = YES;
				CLANG_ENABLE_OBJC_ARC = YES;
				CLANG_ENABLE_OBJC_WEAK = YES;
				CLANG_WARN_BLOCK_CAPTURE_AUTORELEASING = YES;
				CLANG_WARN_BOOL_CONVERSION = YES;
				CLANG_WARN_COMMA = YES;
				CLANG_WARN_CONSTANT_CONVERSION = YES;
				CLANG_WARN_DEPRECATED_OBJC_IMPLEMENTATIONS = YES;
				CLANG_WARN_DIRECT_OBJC_ISA_USAGE = YES_ERROR;
				CLANG_WARN_DOCUMENTATION_COMMENTS = YES;
				CLANG_WARN_EMPTY_BODY = YES;
				CLANG_WARN_ENUM_CONVERSION = YES;
				CLANG_WARN_INFINITE_RECURSION = YES;
				CLANG_WARN_INT_CONVERSION = YES;
				CLANG_WARN_NON_LITERAL_NULL_CONVERSION = YES;
				CLANG_WARN_OBJC_IMPLICIT_RETAIN_SELF = YES;
				CLANG_WARN_OBJC_LITERAL_CONVERSION = YES;
				CLANG_WARN_OBJC_ROOT_CLASS = YES_ERROR;
				CLANG_WARN_QUOTED_INCLUDE_IN_FRAMEWORK_HEADER = YES;
				CLANG_WARN_RANGE_LOOP_ANALYSIS = YES;
				CLANG_WARN_STRICT_PROTOTYPES = YES;
				CLANG_WARN_SUSPICIOUS_MOVE = YES;
				CLANG_WARN_UNGUARDED_AVAILABILITY = YES_AGGRESSIVE;
				CLANG_WARN_UNREACHABLE_CODE = YES;
				CLANG_WARN__DUPLICATE_METHOD_MATCH = YES;
				COPY_PHASE_STRIP = NO;
				DEBUG_INFORMATION_FORMAT = "dwarf-with-dsym";
				ENABLE_NS_ASSERTIONS = NO;
				ENABLE_STRICT_OBJC_MSGSEND = YES;
				GCC_C_LANGUAGE_STANDARD = gnu11;
				GCC_NO_COMMON_BLOCKS = YES;
				GCC_WARN_64_TO_32_BIT_CONVERSION = YES;
				GCC_WARN_ABOUT_RETURN_TYPE = YES_ERROR;
				GCC_WARN_UNDECLARED_SELECTOR = YES;
				GCC_WARN_UNINITIALIZED_AUTOS = YES_AGGRESSIVE;
				GCC_WARN_UNUSED_FUNCTION = YES;
				GCC_WARN_UNUSED_VARIABLE = YES;
				IPHONEOS_DEPLOYMENT_TARGET = 16.4;
				MTL_ENABLE_DEBUG_INFO = NO;
				MTL_FAST_MATH = YES;
				SDKROOT = iphoneos;
				SWIFT_COMPILATION_MODE = wholemodule;
				SWIFT_OPTIMIZATION_LEVEL = "-O";
				VALIDATE_PRODUCT = YES;
			};
			name = Release;
		};
		B513D4822A438FEC00329624 /* Debug */ = {
			isa = XCBuildConfiguration;
			buildSettings = {
				ASSETCATALOG_COMPILER_APPICON_NAME = AppIcon;
				ASSETCATALOG_COMPILER_GLOBAL_ACCENT_COLOR_NAME = AccentColor;
				CODE_SIGN_STYLE = Automatic;
				CURRENT_PROJECT_VERSION = 1;
				DEVELOPMENT_ASSET_PATHS = "\"ChuckNorrisJokeApp/Preview Content\"";
				ENABLE_PREVIEWS = YES;
				GENERATE_INFOPLIST_FILE = YES;
				INFOPLIST_KEY_UIApplicationSceneManifest_Generation = YES;
				INFOPLIST_KEY_UIApplicationSupportsIndirectInputEvents = YES;
				INFOPLIST_KEY_UILaunchScreen_Generation = YES;
				INFOPLIST_KEY_UISupportedInterfaceOrientations_iPad = "UIInterfaceOrientationPortrait UIInterfaceOrientationPortraitUpsideDown UIInterfaceOrientationLandscapeLeft UIInterfaceOrientationLandscapeRight";
				INFOPLIST_KEY_UISupportedInterfaceOrientations_iPhone = "UIInterfaceOrientationPortrait UIInterfaceOrientationLandscapeLeft UIInterfaceOrientationLandscapeRight";
				LD_RUNPATH_SEARCH_PATHS = (
					"$(inherited)",
					"@executable_path/Frameworks",
				);
				MARKETING_VERSION = 1.0;
				PRODUCT_BUNDLE_IDENTIFIER = com.bashubb.ChuckNorrisJokeApp;
				PRODUCT_NAME = "$(TARGET_NAME)";
				SWIFT_EMIT_LOC_STRINGS = YES;
				SWIFT_VERSION = 5.0;
				TARGETED_DEVICE_FAMILY = "1,2";
			};
			name = Debug;
		};
		B513D4832A438FEC00329624 /* Release */ = {
			isa = XCBuildConfiguration;
			buildSettings = {
				ASSETCATALOG_COMPILER_APPICON_NAME = AppIcon;
				ASSETCATALOG_COMPILER_GLOBAL_ACCENT_COLOR_NAME = AccentColor;
				CODE_SIGN_STYLE = Automatic;
				CURRENT_PROJECT_VERSION = 1;
				DEVELOPMENT_ASSET_PATHS = "\"ChuckNorrisJokeApp/Preview Content\"";
				ENABLE_PREVIEWS = YES;
				GENERATE_INFOPLIST_FILE = YES;
				INFOPLIST_KEY_UIApplicationSceneManifest_Generation = YES;
				INFOPLIST_KEY_UIApplicationSupportsIndirectInputEvents = YES;
				INFOPLIST_KEY_UILaunchScreen_Generation = YES;
				INFOPLIST_KEY_UISupportedInterfaceOrientations_iPad = "UIInterfaceOrientationPortrait UIInterfaceOrientationPortraitUpsideDown UIInterfaceOrientationLandscapeLeft UIInterfaceOrientationLandscapeRight";
				INFOPLIST_KEY_UISupportedInterfaceOrientations_iPhone = "UIInterfaceOrientationPortrait UIInterfaceOrientationLandscapeLeft UIInterfaceOrientationLandscapeRight";
				LD_RUNPATH_SEARCH_PATHS = (
					"$(inherited)",
					"@executable_path/Frameworks",
				);
				MARKETING_VERSION = 1.0;
				PRODUCT_BUNDLE_IDENTIFIER = com.bashubb.ChuckNorrisJokeApp;
				PRODUCT_NAME = "$(TARGET_NAME)";
				SWIFT_EMIT_LOC_STRINGS = YES;
				SWIFT_VERSION = 5.0;
				TARGETED_DEVICE_FAMILY = "1,2";
			};
			name = Release;
		};
/* End XCBuildConfiguration section */

/* Begin XCConfigurationList section */
		B513D46E2A438FEA00329624 /* Build configuration list for PBXProject "ChuckNorrisJokeApp" */ = {
			isa = XCConfigurationList;
			buildConfigurations = (
				B513D47F2A438FEC00329624 /* Debug */,
				B513D4802A438FEC00329624 /* Release */,
			);
			defaultConfigurationIsVisible = 0;
			defaultConfigurationName = Release;
		};
		B513D4812A438FEC00329624 /* Build configuration list for PBXNativeTarget "ChuckNorrisJokeApp" */ = {
			isa = XCConfigurationList;
			buildConfigurations = (
				B513D4822A438FEC00329624 /* Debug */,
				B513D4832A438FEC00329624 /* Release */,
			);
			defaultConfigurationIsVisible = 0;
			defaultConfigurationName = Release;
		};
/* End XCConfigurationList section */
	};
	rootObject = B513D46B2A438FEA00329624 /* Project object */;
}
